<Solution>
  <Folder Name="/src/">
    <Project Path="src/Core/Core.csproj" />
    <Project Path="src/Infrastructure/Infrastructure.csproj" />
    <Project Path="src/Mobile/Mobile.csproj" />
  </Folder>
  <Folder Name="/tests/">
    <Project Path="tests/Core.Tests/Core.Tests.csproj" />
  </Folder>
</Solution>
